
Microsoft Visual Studio Solution File, Format Version 12.00
# Visual Studio Version 17
VisualStudioVersion = 17.14.36518.2 d17.14
MinimumVisualStudioVersion = 10.0.40219.1
Project("{FAE04EC0-301F-11D3-BF4B-00C04F79EFBC}") = "RaffleApp", "RaffleApp\RaffleApp.csproj", "{C36E5E34-E6C9-49DD-8D37-4B19F7000E7C}"
EndProject
Project("{FAE04EC0-301F-11D3-BF4B-00C04F79EFBC}") = "RaffleAppSimulator", "RaffleAppSimulator\RaffleAppSimulator.csproj", "{13D873CB-F31D-4B9D-B592-059CC840C891}"
EndProject
Global
	GlobalSection(SolutionConfigurationPlatforms) = preSolution
		Debug|Any CPU = Debug|Any CPU
		Release|Any CPU = Release|Any CPU
	EndGlobalSection
	GlobalSection(ProjectConfigurationPlatforms) = postSolution
		{C36E5E34-E6C9-49DD-8D37-4B19F7000E7C}.Debug|Any CPU.ActiveCfg = Debug|Any CPU
		{C36E5E34-E6C9-49DD-8D37-4B19F7000E7C}.Debug|Any CPU.Build.0 = Debug|Any CPU
		{C36E5E34-E6C9-49DD-8D37-4B19F7000E7C}.Release|Any CPU.ActiveCfg = Release|Any CPU
		{C36E5E34-E6C9-49DD-8D37-4B19F7000E7C}.Release|Any CPU.Build.0 = Release|Any CPU
		{13D873CB-F31D-4B9D-B592-059CC840C891}.Debug|Any CPU.ActiveCfg = Debug|Any CPU
		{13D873CB-F31D-4B9D-B592-059CC840C891}.Debug|Any CPU.Build.0 = Debug|Any CPU
		{13D873CB-F31D-4B9D-B592-059CC840C891}.Release|Any CPU.ActiveCfg = Release|Any CPU
		{13D873CB-F31D-4B9D-B592-059CC840C891}.Release|Any CPU.Build.0 = Release|Any CPU
	EndGlobalSection
	GlobalSection(SolutionProperties) = preSolution
		HideSolutionNode = FALSE
	EndGlobalSection
	GlobalSection(ExtensibilityGlobals) = postSolution
		SolutionGuid = {F7EEB30F-E30B-4616-8994-D64C51DDACEF}
	EndGlobalSection
EndGlobal
